PODS:
  - Mapbox-iOS-SDK (6.4.1):
    - MapboxMobileEvents (~> 0.10.12)
  - MapboxMobileEvents (0.10.14)

DEPENDENCIES:
  - Mapbox-iOS-SDK (~> 6.4.1)

SPEC REPOS:
  trunk:
    - Mapbox-iOS-SDK
    - MapboxMobileEvents

SPEC CHECKSUMS:
  Mapbox-iOS-SDK: f870f83cbdc7aa4a74afcee143aafb0dae390c82
  MapboxMobileEvents: 5a172cc9bbf8ac0e45ba86095cbee685ede248cc

PODFILE CHECKSUM: 5b46eed63986222caa7f9579d5431ae3dc7ea417

COCOAPODS: 1.11.3
